// !$*UTF8*$!
{
	archiveVersion = 1;
	classes = {
	};
	objectVersion = 46;
	objects = {

/* Begin PBXBuildFile section */
		28223DA31D3F2DF500CECA9A /* AppDelegate.swift in Sources */ = {isa = PBXBuildFile; fileRef = 28223DA21D3F2DF500CECA9A /* AppDelegate.swift */; };
		28223DA81D3F2DF500CECA9A /* Main.storyboard in Resources */ = {isa = PBXBuildFile; fileRef = 28223DA61D3F2DF500CECA9A /* Main.storyboard */; };
		28223DAA1D3F2DF500CECA9A /* Assets.xcassets in Resources */ = {isa = PBXBuildFile; fileRef = 28223DA91D3F2DF500CECA9A /* Assets.xcassets */; };
		28223DAD1D3F2DF500CECA9A /* LaunchScreen.storyboard in Resources */ = {isa = PBXBuildFile; fileRef = 28223DAB1D3F2DF500CECA9A /* LaunchScreen.storyboard */; };
		28223DB81D3F2DF500CECA9A /* rollTests.swift in Sources */ = {isa = PBXBuildFile; fileRef = 28223DB71D3F2DF500CECA9A /* rollTests.swift */; };
		28223DC31D3F2DF500CECA9A /* rollUITests.swift in Sources */ = {isa = PBXBuildFile; fileRef = 28223DC21D3F2DF500CECA9A /* rollUITests.swift */; };
		28223DD31D3F37BD00CECA9A /* MainTableViewController.swift in Sources */ = {isa = PBXBuildFile; fileRef = 28223DD21D3F37BD00CECA9A /* MainTableViewController.swift */; };
/* End PBXBuildFile section */

/* Begin PBXContainerItemProxy section */
		28223DB41D3F2DF500CECA9A /* PBXContainerItemProxy */ = {
			isa = PBXContainerItemProxy;
			containerPortal = 28223D971D3F2DF500CECA9A /* Project object */;
			proxyType = 1;
			remoteGlobalIDString = 28223D9E1D3F2DF500CECA9A;
			remoteInfo = roll;
		};
		28223DBF1D3F2DF500CECA9A /* PBXContainerItemProxy */ = {
			isa = PBXContainerItemProxy;
			containerPortal = 28223D971D3F2DF500CECA9A /* Project object */;
			proxyType = 1;
			remoteGlobalIDString = 28223D9E1D3F2DF500CECA9A;
			remoteInfo = roll;
		};
/* End PBXContainerItemProxy section */

/* Begin PBXFileReference section */
		28223D9F1D3F2DF500CECA9A /* roll.app */ = {isa = PBXFileReference; explicitFileType = wrapper.application; includeInIndex = 0; path = roll.app; sourceTree = BUILT_PRODUCTS_DIR; };
		28223DA21D3F2DF500CECA9A /* AppDelegate.swift */ = {isa = PBXFileReference; lastKnownFileType = sourcecode.swift; path = AppDelegate.swift; sourceTree = "<group>"; };
		28223DA71D3F2DF500CECA9A /* Base */ = {isa = PBXFileReference; lastKnownFileType = file.storyboard; name = Base; path = Base.lproj/Main.storyboard; sourceTree = "<group>"; };
		28223DA91D3F2DF500CECA9A /* Assets.xcassets */ = {isa = PBXFileReference; lastKnownFileType = folder.assetcatalog; path = Assets.xcassets; sourceTree = "<group>"; };
		28223DAC1D3F2DF500CECA9A /* Base */ = {isa = PBXFileReference; lastKnownFileType = file.storyboard; name = Base; path = Base.lproj/LaunchScreen.storyboard; sourceTree = "<group>"; };
		28223DAE1D3F2DF500CECA9A /* Info.plist */ = {isa = PBXFileReference; lastKnownFileType = text.plist.xml; path = Info.plist; sourceTree = "<group>"; };
		28223DB31D3F2DF500CECA9A /* rollTests.xctest */ = {isa = PBXFileReference; explicitFileType = wrapper.cfbundle; includeInIndex = 0; path = rollTests.xctest; sourceTree = BUILT_PRODUCTS_DIR; };
		28223DB71D3F2DF500CECA9A /* rollTests.swift */ = {isa = PBXFileReference; lastKnownFileType = sourcecode.swift; path = rollTests.swift; sourceTree = "<group>"; };
		28223DB91D3F2DF500CECA9A /* Info.plist */ = {isa = PBXFileReference; lastKnownFileType = text.plist.xml; path = Info.plist; sourceTree = "<group>"; };
		28223DBE1D3F2DF500CECA9A /* rollUITests.xctest */ = {isa = PBXFileReference; explicitFileType = wrapper.cfbundle; includeInIndex = 0; path = rollUITests.xctest; sourceTree = BUILT_PRODUCTS_DIR; };
		28223DC21D3F2DF500CECA9A /* rollUITests.swift */ = {isa = PBXFileReference; lastKnownFileType = sourcecode.swift; path = rollUITests.swift; sourceTree = "<group>"; };
		28223DC41D3F2DF500CECA9A /* Info.plist */ = {isa = PBXFileReference; lastKnownFileType = text.plist.xml; path = Info.plist; sourceTree = "<group>"; };
		28223DD21D3F37BD00CECA9A /* MainTableViewController.swift */ = {isa = PBXFileReference; fileEncoding = 4; lastKnownFileType = sourcecode.swift; path = MainTableViewController.swift; sourceTree = "<group>"; };
/* End PBXFileReference section */

/* Begin PBXFrameworksBuildPhase section */
		28223D9C1D3F2DF500CECA9A /* Frameworks */ = {
			isa = PBXFrameworksBuildPhase;
			buildActionMask = 2147483647;
			files = (
			);
			runOnlyForDeploymentPostprocessing = 0;
		};
		28223DB01D3F2DF500CECA9A /* Frameworks */ = {
			isa = PBXFrameworksBuildPhase;
			buildActionMask = 2147483647;
			files = (
			);
			runOnlyForDeploymentPostprocessing = 0;
		};
		28223DBB1D3F2DF500CECA9A /* Frameworks */ = {
			isa = PBXFrameworksBuildPhase;
			buildActionMask = 2147483647;
			files = (
			);
			runOnlyForDeploymentPostprocessing = 0;
		};
/* End PBXFrameworksBuildPhase section */

/* Begin PBXGroup section */
		28223D961D3F2DF500CECA9A = {
			isa = PBXGroup;
			children = (
				28223DA11D3F2DF500CECA9A /* roll */,
				28223DB61D3F2DF500CECA9A /* rollTests */,
				28223DC11D3F2DF500CECA9A /* rollUITests */,
				28223DA01D3F2DF500CECA9A /* Products */,
			);
			sourceTree = "<group>";
		};
		28223DA01D3F2DF500CECA9A /* Products */ = {
			isa = PBXGroup;
			children = (
				28223D9F1D3F2DF500CECA9A /* roll.app */,
				28223DB31D3F2DF500CECA9A /* rollTests.xctest */,
				28223DBE1D3F2DF500CECA9A /* rollUITests.xctest */,
			);
			name = Products;
			sourceTree = "<group>";
		};
		28223DA11D3F2DF500CECA9A /* roll */ = {
			isa = PBXGroup;
			children = (
				28223DA21D3F2DF500CECA9A /* AppDelegate.swift */,
				28223DA61D3F2DF500CECA9A /* Main.storyboard */,
				28223DA91D3F2DF500CECA9A /* Assets.xcassets */,
				28223DAB1D3F2DF500CECA9A /* LaunchScreen.storyboard */,
				28223DAE1D3F2DF500CECA9A /* Info.plist */,
				28223DD21D3F37BD00CECA9A /* MainTableViewController.swift */,
			);
			path = roll;
			sourceTree = "<group>";
		};
		28223DB61D3F2DF500CECA9A /* rollTests */ = {
			isa = PBXGroup;
			children = (
				28223DB71D3F2DF500CECA9A /* rollTests.swift */,
				28223DB91D3F2DF500CECA9A /* Info.plist */,
			);
			path = rollTests;
			sourceTree = "<group>";
		};
		28223DC11D3F2DF500CECA9A /* rollUITests */ = {
			isa = PBXGroup;
			children = (
				28223DC21D3F2DF500CECA9A /* rollUITests.swift */,
				28223DC41D3F2DF500CECA9A /* Info.plist */,
			);
			path = rollUITests;
			sourceTree = "<group>";
		};
/* End PBXGroup section */

/* Begin PBXNativeTarget section */
		28223D9E1D3F2DF500CECA9A /* roll */ = {
			isa = PBXNativeTarget;
			buildConfigurationList = 28223DC71D3F2DF500CECA9A /* Build configuration list for PBXNativeTarget "roll" */;
			buildPhases = (
				28223D9B1D3F2DF500CECA9A /* Sources */,
				28223D9C1D3F2DF500CECA9A /* Frameworks */,
				28223D9D1D3F2DF500CECA9A /* Resources */,
			);
			buildRules = (
			);
			dependencies = (
			);
			name = roll;
			productName = roll;
			productReference = 28223D9F1D3F2DF500CECA9A /* roll.app */;
			productType = "com.apple.product-type.application";
		};
		28223DB21D3F2DF500CECA9A /* rollTests */ = {
			isa = PBXNativeTarget;
			buildConfigurationList = 28223DCA1D3F2DF500CECA9A /* Build configuration list for PBXNativeTarget "rollTests" */;
			buildPhases = (
				28223DAF1D3F2DF500CECA9A /* Sources */,
				28223DB01D3F2DF500CECA9A /* Frameworks */,
				28223DB11D3F2DF500CECA9A /* Resources */,
			);
			buildRules = (
			);
			dependencies = (
				28223DB51D3F2DF500CECA9A /* PBXTargetDependency */,
			);
			name = rollTests;
			productName = rollTests;
			productReference = 28223DB31D3F2DF500CECA9A /* rollTests.xctest */;
			productType = "com.apple.product-type.bundle.unit-test";
		};
		28223DBD1D3F2DF500CECA9A /* rollUITests */ = {
			isa = PBXNativeTarget;
			buildConfigurationList = 28223DCD1D3F2DF500CECA9A /* Build configuration list for PBXNativeTarget "rollUITests" */;
			buildPhases = (
				28223DBA1D3F2DF500CECA9A /* Sources */,
				28223DBB1D3F2DF500CECA9A /* Frameworks */,
				28223DBC1D3F2DF500CECA9A /* Resources */,
			);
			buildRules = (
			);
			dependencies = (
				28223DC01D3F2DF500CECA9A /* PBXTargetDependency */,
			);
			name = rollUITests;
			productName = rollUITests;
			productReference = 28223DBE1D3F2DF500CECA9A /* rollUITests.xctest */;
			productType = "com.apple.product-type.bundle.ui-testing";
		};
/* End PBXNativeTarget section */

/* Begin PBXProject section */
		28223D971D3F2DF500CECA9A /* Project object */ = {
			isa = PBXProject;
			attributes = {
				LastSwiftUpdateCheck = 0720;
				LastUpgradeCheck = 0720;
				ORGANIZATIONNAME = "Kabir Shah";
				TargetAttributes = {
					28223D9E1D3F2DF500CECA9A = {
						CreatedOnToolsVersion = 7.2;
					};
					28223DB21D3F2DF500CECA9A = {
						CreatedOnToolsVersion = 7.2;
						TestTargetID = 28223D9E1D3F2DF500CECA9A;
					};
					28223DBD1D3F2DF500CECA9A = {
						CreatedOnToolsVersion = 7.2;
						TestTargetID = 28223D9E1D3F2DF500CECA9A;
					};
				};
			};
			buildConfigurationList = 28223D9A1D3F2DF500CECA9A /* Build configuration list for PBXProject "roll" */;
			compatibilityVersion = "Xcode 3.2";
			developmentRegion = English;
			hasScannedForEncodings = 0;
			knownRegions = (
				en,
				Base,
			);
			mainGroup = 28223D961D3F2DF500CECA9A;
			productRefGroup = 28223DA01D3F2DF500CECA9A /* Products */;
			projectDirPath = "";
			projectRoot = "";
			targets = (
				28223D9E1D3F2DF500CECA9A /* roll */,
				28223DB21D3F2DF500CECA9A /* rollTests */,
				28223DBD1D3F2DF500CECA9A /* rollUITests */,
			);
		};
/* End PBXProject section */

/* Begin PBXResourcesBuildPhase section */
		28223D9D1D3F2DF500CECA9A /* Resources */ = {
			isa = PBXResourcesBuildPhase;
			buildActionMask = 2147483647;
			files = (
				28223DAD1D3F2DF500CECA9A /* LaunchScreen.storyboard in Resources */,
				28223DAA1D3F2DF500CECA9A /* Assets.xcassets in Resources */,
				28223DA81D3F2DF500CECA9A /* Main.storyboard in Resources */,
			);
			runOnlyForDeploymentPostprocessing = 0;
		};
		28223DB11D3F2DF500CECA9A /* Resources */ = {
			isa = PBXResourcesBuildPhase;
			buildActionMask = 2147483647;
			files = (
			);
			runOnlyForDeploymentPostprocessing = 0;
		};
		28223DBC1D3F2DF500CECA9A /* Resources */ = {
			isa = PBXResourcesBuildPhase;
			buildActionMask = 2147483647;
			files = (
			);
			runOnlyForDeploymentPostprocessing = 0;
		};
/* End PBXResourcesBuildPhase section */

/* Begin PBXSourcesBuildPhase section */
		28223D9B1D3F2DF500CECA9A /* Sources */ = {
			isa = PBXSourcesBuildPhase;
			buildActionMask = 2147483647;
			files = (
				28223DD31D3F37BD00CECA9A /* MainTableViewController.swift in Sources */,
				28223DA31D3F2DF500CECA9A /* AppDelegate.swift in Sources */,
			);
			runOnlyForDeploymentPostprocessing = 0;
		};
		28223DAF1D3F2DF500CECA9A /* Sources */ = {
			isa = PBXSourcesBuildPhase;
			buildActionMask = 2147483647;
			files = (
				28223DB81D3F2DF500CECA9A /* rollTests.swift in Sources */,
			);
			runOnlyForDeploymentPostprocessing = 0;
		};
		28223DBA1D3F2DF500CECA9A /* Sources */ = {
			isa = PBXSourcesBuildPhase;
			buildActionMask = 2147483647;
			files = (
				28223DC31D3F2DF500CECA9A /* rollUITests.swift in Sources */,
			);
			runOnlyForDeploymentPostprocessing = 0;
		};
/* End PBXSourcesBuildPhase section */

/* Begin PBXTargetDependency section */
		28223DB51D3F2DF500CECA9A /* PBXTargetDependency */ = {
			isa = PBXTargetDependency;
			target = 28223D9E1D3F2DF500CECA9A /* roll */;
			targetProxy = 28223DB41D3F2DF500CECA9A /* PBXContainerItemProxy */;
		};
		28223DC01D3F2DF500CECA9A /* PBXTargetDependency */ = {
			isa = PBXTargetDependency;
			target = 28223D9E1D3F2DF500CECA9A /* roll */;
			targetProxy = 28223DBF1D3F2DF500CECA9A /* PBXContainerItemProxy */;
		};
/* End PBXTargetDependency section */

/* Begin PBXVariantGroup section */
		28223DA61D3F2DF500CECA9A /* Main.storyboard */ = {
			isa = PBXVariantGroup;
			children = (
				28223DA71D3F2DF500CECA9A /* Base */,
			);
			name = Main.storyboard;
			sourceTree = "<group>";
		};
		28223DAB1D3F2DF500CECA9A /* LaunchScreen.storyboard */ = {
			isa = PBXVariantGroup;
			children = (
				28223DAC1D3F2DF500CECA9A /* Base */,
			);
			name = LaunchScreen.storyboard;
			sourceTree = "<group>";
		};
/* End PBXVariantGroup section */

/* Begin XCBuildConfiguration section */
		28223DC51D3F2DF500CECA9A /* Debug */ = {
			isa = XCBuildConfiguration;
			buildSettings = {
				ALWAYS_SEARCH_USER_PATHS = NO;
				CLANG_CXX_LANGUAGE_STANDARD = "gnu++0x";
				CLANG_CXX_LIBRARY = "libc++";
				CLANG_ENABLE_MODULES = YES;
				CLANG_ENABLE_OBJC_ARC = YES;
				CLANG_WARN_BOOL_CONVERSION = YES;
				CLANG_WARN_CONSTANT_CONVERSION = YES;
				CLANG_WARN_DIRECT_OBJC_ISA_USAGE = YES_ERROR;
				CLANG_WARN_EMPTY_BODY = YES;
				CLANG_WARN_ENUM_CONVERSION = YES;
				CLANG_WARN_INT_CONVERSION = YES;
				CLANG_WARN_OBJC_ROOT_CLASS = YES_ERROR;
				CLANG_WARN_UNREACHABLE_CODE = YES;
				CLANG_WARN__DUPLICATE_METHOD_MATCH = YES;
				"CODE_SIGN_IDENTITY[sdk=iphoneos*]" = "iPhone Developer";
				COPY_PHASE_STRIP = NO;
				DEBUG_INFORMATION_FORMAT = dwarf;
				ENABLE_STRICT_OBJC_MSGSEND = YES;
				ENABLE_TESTABILITY = YES;
				GCC_C_LANGUAGE_STANDARD = gnu99;
				GCC_DYNAMIC_NO_PIC = NO;
				GCC_NO_COMMON_BLOCKS = YES;
				GCC_OPTIMIZATION_LEVEL = 0;
				GCC_PREPROCESSOR_DEFINITIONS = (
					"DEBUG=1",
					"$(inherited)",
				);
				GCC_WARN_64_TO_32_BIT_CONVERSION = YES;
				GCC_WARN_ABOUT_RETURN_TYPE = YES_ERROR;
				GCC_WARN_UNDECLARED_SELECTOR = YES;
				GCC_WARN_UNINITIALIZED_AUTOS = YES_AGGRESSIVE;
				GCC_WARN_UNUSED_FUNCTION = YES;
				GCC_WARN_UNUSED_VARIABLE = YES;
				IPHONEOS_DEPLOYMENT_TARGET = 9.2;
				MTL_ENABLE_DEBUG_INFO = YES;
				ONLY_ACTIVE_ARCH = YES;
				SDKROOT = iphoneos;
				SWIFT_OPTIMIZATION_LEVEL = "-Onone";
				TARGETED_DEVICE_FAMILY = "1,2";
			};
			name = Debug;
		};
		28223DC61D3F2DF500CECA9A /* Release */ = {
			isa = XCBuildConfiguration;
			buildSettings = {
				ALWAYS_SEARCH_USER_PATHS = NO;
				CLANG_CXX_LANGUAGE_STANDARD = "gnu++0x";
				CLANG_CXX_LIBRARY = "libc++";
				CLANG_ENABLE_MODULES = YES;
				CLANG_ENABLE_OBJC_ARC = YES;
				CLANG_WARN_BOOL_CONVERSION = YES;
				CLANG_WARN_CONSTANT_CONVERSION = YES;
				CLANG_WARN_DIRECT_OBJC_ISA_USAGE = YES_ERROR;
				CLANG_WARN_EMPTY_BODY = YES;
				CLANG_WARN_ENUM_CONVERSION = YES;
				CLANG_WARN_INT_CONVERSION = YES;
				CLANG_WARN_OBJC_ROOT_CLASS = YES_ERROR;
				CLANG_WARN_UNREACHABLE_CODE = YES;
				CLANG_WARN__DUPLICATE_METHOD_MATCH = YES;
				"CODE_SIGN_IDENTITY[sdk=iphoneos*]" = "iPhone Developer";
				COPY_PHASE_STRIP = NO;
				DEBUG_INFORMATION_FORMAT = "dwarf-with-dsym";
				ENABLE_NS_ASSERTIONS = NO;
				ENABLE_STRICT_OBJC_MSGSEND = YES;
				GCC_C_LANGUAGE_STANDARD = gnu99;
				GCC_NO_COMMON_BLOCKS = YES;
				GCC_WARN_64_TO_32_BIT_CONVERSION = YES;
				GCC_WARN_ABOUT_RETURN_TYPE = YES_ERROR;
				GCC_WARN_UNDECLARED_SELECTOR = YES;
				GCC_WARN_UNINITIALIZED_AUTOS = YES_AGGRESSIVE;
				GCC_WARN_UNUSED_FUNCTION = YES;
				GCC_WARN_UNUSED_VARIABLE = YES;
				IPHONEOS_DEPLOYMENT_TARGET = 9.2;
				MTL_ENABLE_DEBUG_INFO = NO;
				SDKROOT = iphoneos;
				TARGETED_DEVICE_FAMILY = "1,2";
				VALIDATE_PRODUCT = YES;
			};
			name = Release;
		};
		28223DC81D3F2DF500CECA9A /* Debug */ = {
			isa = XCBuildConfiguration;
			buildSettings = {
				ASSETCATALOG_COMPILER_APPICON_NAME = AppIcon;
				INFOPLIST_FILE = roll/Info.plist;
				LD_RUNPATH_SEARCH_PATHS = "$(inherited) @executable_path/Frameworks";
				PRODUCT_BUNDLE_IDENTIFIER = ml.kabir.roll;
				PRODUCT_NAME = "$(TARGET_NAME)";
			};
			name = Debug;
		};
		28223DC91D3F2DF500CECA9A /* Release */ = {
			isa = XCBuildConfiguration;
			buildSettings = {
				ASSETCATALOG_COMPILER_APPICON_NAME = AppIcon;
				INFOPLIST_FILE = roll/Info.plist;
				LD_RUNPATH_SEARCH_PATHS = "$(inherited) @executable_path/Frameworks";
				PRODUCT_BUNDLE_IDENTIFIER = ml.kabir.roll;
				PRODUCT_NAME = "$(TARGET_NAME)";
			};
			name = Release;
		};
		28223DCB1D3F2DF500CECA9A /* Debug */ = {
			isa = XCBuildConfiguration;
			buildSettings = {
				BUNDLE_LOADER = "$(TEST_HOST)";
				INFOPLIST_FILE = rollTests/Info.plist;
				LD_RUNPATH_SEARCH_PATHS = "$(inherited) @executable_path/Frameworks @loader_path/Frameworks";
				PRODUCT_BUNDLE_IDENTIFIER = ml.kabir.rollTests;
				PRODUCT_NAME = "$(TARGET_NAME)";
				TEST_HOST = "$(BUILT_PRODUCTS_DIR)/roll.app/roll";
			};
			name = Debug;
		};
		28223DCC1D3F2DF500CECA9A /* Release */ = {
			isa = XCBuildConfiguration;
			buildSettings = {
				BUNDLE_LOADER = "$(TEST_HOST)";
				INFOPLIST_FILE = rollTests/Info.plist;
				LD_RUNPATH_SEARCH_PATHS = "$(inherited) @executable_path/Frameworks @loader_path/Frameworks";
				PRODUCT_BUNDLE_IDENTIFIER = ml.kabir.rollTests;
				PRODUCT_NAME = "$(TARGET_NAME)";
				TEST_HOST = "$(BUILT_PRODUCTS_DIR)/roll.app/roll";
			};
			name = Release;
		};
		28223DCE1D3F2DF500CECA9A /* Debug */ = {
			isa = XCBuildConfiguration;
			buildSettings = {
				INFOPLIST_FILE = rollUITests/Info.plist;
				LD_RUNPATH_SEARCH_PATHS = "$(inherited) @executable_path/Frameworks @loader_path/Frameworks";
				PRODUCT_BUNDLE_IDENTIFIER = ml.kabir.rollUITests;
				PRODUCT_NAME = "$(TARGET_NAME)";
				TEST_TARGET_NAME = roll;
				USES_XCTRUNNER = YES;
			};
			name = Debug;
		};
		28223DCF1D3F2DF500CECA9A /* Release */ = {
			isa = XCBuildConfiguration;
			buildSettings = {
				INFOPLIST_FILE = rollUITests/Info.plist;
				LD_RUNPATH_SEARCH_PATHS = "$(inherited) @executable_path/Frameworks @loader_path/Frameworks";
				PRODUCT_BUNDLE_IDENTIFIER = ml.kabir.rollUITests;
				PRODUCT_NAME = "$(TARGET_NAME)";
				TEST_TARGET_NAME = roll;
				USES_XCTRUNNER = YES;
			};
			name = Release;
		};
/* End XCBuildConfiguration section */

/* Begin XCConfigurationList section */
		28223D9A1D3F2DF500CECA9A /* Build configuration list for PBXProject "roll" */ = {
			isa = XCConfigurationList;
			buildConfigurations = (
				28223DC51D3F2DF500CECA9A /* Debug */,
				28223DC61D3F2DF500CECA9A /* Release */,
			);
			defaultConfigurationIsVisible = 0;
			defaultConfigurationName = Release;
		};
		28223DC71D3F2DF500CECA9A /* Build configuration list for PBXNativeTarget "roll" */ = {
			isa = XCConfigurationList;
			buildConfigurations = (
				28223DC81D3F2DF500CECA9A /* Debug */,
				28223DC91D3F2DF500CECA9A /* Release */,
			);
			defaultConfigurationIsVisible = 0;
		};
		28223DCA1D3F2DF500CECA9A /* Build configuration list for PBXNativeTarget "rollTests" */ = {
			isa = XCConfigurationList;
			buildConfigurations = (
				28223DCB1D3F2DF500CECA9A /* Debug */,
				28223DCC1D3F2DF500CECA9A /* Release */,
			);
			defaultConfigurationIsVisible = 0;
		};
		28223DCD1D3F2DF500CECA9A /* Build configuration list for PBXNativeTarget "rollUITests" */ = {
			isa = XCConfigurationList;
			buildConfigurations = (
				28223DCE1D3F2DF500CECA9A /* Debug */,
				28223DCF1D3F2DF500CECA9A /* Release */,
			);
			defaultConfigurationIsVisible = 0;
		};
/* End XCConfigurationList section */
	};
	rootObject = 28223D971D3F2DF500CECA9A /* Project object */;
}
